{
  "intuition-contracts-v2-periphery": {
    "rev": "b026521fe26db8249cd0795b62ec480fd8c848e8"
  },
  "lib/account-abstraction": {
    "rev": "cc3893bcaf2272c163ce89d5eb9eadb8e6b52db7"
  },
  "lib/forge-std": {
    "tag": {
      "name": "v1.15.0",
      "rev": "0844d7e1fc5e60d77b68e469bff60265f236c398"
    }
  },
  "lib/openzeppelin-contracts": {
    "tag": {
      "name": "v5.4.0",
      "rev": "c64a1edb67b6e3f4a15cca8909c9482ad33a02b0"
    }
  },
  "lib/openzeppelin-contracts-upgradeable": {
    "tag": {
      "name": "v5.4.0",
      "rev": "e725abddf1e01cf05ace496e950fc8e243cc7cab"
    }
  },
  "lib/openzeppelin-foundry-upgrades": {
    "rev": "cfd861bc18ef4737e82eae6ec75304e27af699ef"
  },
  "lib/prb-math": {
    "rev": "dae52a48422f7464e7eeb4eea824f44dde7dfabe"
  },
  "lib/solady": {
    "tag": {
      "name": "v0.1.26",
      "rev": "acd959aa4bd04720d640bf4e6a5c71037510cc4b"
    }
  }
}